{
  "name": "musinsa-crawling",
  "version": "1.0.0",
  "lockfileVersion": 3,
  "requires": true,
  "packages": {
    "": {
      "name": "musinsa-crawling",
      "version": "1.0.0",
      "license": "ISC",
      "dependencies": {
        "@playwright/browser-chromium": "^1.47.0",
        "@playwright/browser-firefox": "^1.47.0",
        "@playwright/browser-webkit": "^1.47.0",
        "playwright": "^1.47.0",
        "xlsx": "https://cdn.sheetjs.com/xlsx-0.20.3/xlsx-0.20.3.tgz"
      }
    },
    "node_modules/@playwright/browser-chromium": {
      "version": "1.47.0",
      "resolved": "https://registry.npmjs.org/@playwright/browser-chromium/-/browser-chromium-1.47.0.tgz",
      "integrity": "sha512-uMsRSflfEX1zDYdghRhUaLMnyoKqcVquOjo4cbIlqCpgNulDbRF7k9lUAWgobgIbefFz96a4v9/Fae+ngOuBHQ==",
      "hasInstallScript": true,
      "dependencies": {
        "playwright-core": "1.47.0"
      },
      "engines": {
        "node": ">=18"
      }
    },
    "node_modules/@playwright/browser-firefox": {
      "version": "1.47.0",
      "resolved": "https://registry.npmjs.org/@playwright/browser-firefox/-/browser-firefox-1.47.0.tgz",
      "integrity": "sha512-irh2RlA/L1PjnuFOEJdMQG48ZHlpCa8iPuzl0ilUhoHFohjyX8iDP2CtjiCt01l6RpHn0BHSBUF6h5Oste54+w==",
      "hasInstallScript": true,
      "dependencies": {
        "playwright-core": "1.47.0"
      },
      "engines": {
        "node": ">=18"
      }
    },
    "node_modules/@playwright/browser-webkit": {
      "version": "1.47.0",
      "resolved": "https://registry.npmjs.org/@playwright/browser-webkit/-/browser-webkit-1.47.0.tgz",
      "integrity": "sha512-qwSLblBhTStlaGoM2iP5kqpf2gZvdq9FyY3snYTqLym+ZN93iW9tlzbSzfUeWpMh2VGyYxD2Ym8kwvOuhz8KKQ==",
      "hasInstallScript": true,
      "dependencies": {
        "playwright-core": "1.47.0"
      },
      "engines": {
        "node": ">=18"
      }
    },
    "node_modules/fsevents": {
      "version": "2.3.2",
      "resolved": "https://registry.npmjs.org/fsevents/-/fsevents-2.3.2.tgz",
      "integrity": "sha512-xiqMQR4xAeHTuB9uWm+fFRcIOgKBMiOBP+eXiyT7jsgVCq1bkVygt00oASowB7EdtpOHaaPgKt812P9ab+DDKA==",
      "hasInstallScript": true,
      "optional": true,
      "os": [
        "darwin"
      ],
      "engines": {
        "node": "^8.16.0 || ^10.6.0 || >=11.0.0"
      }
    },
    "node_modules/playwright": {
      "version": "1.47.0",
      "resolved": "https://registry.npmjs.org/playwright/-/playwright-1.47.0.tgz",
      "integrity": "sha512-jOWiRq2pdNAX/mwLiwFYnPHpEZ4rM+fRSQpRHwEwZlP2PUANvL3+aJOF/bvISMhFD30rqMxUB4RJx9aQbfh4Ww==",
      "dependencies": {
        "playwright-core": "1.47.0"
      },
      "bin": {
        "playwright": "cli.js"
      },
      "engines": {
        "node": ">=18"
      },
      "optionalDependencies": {
        "fsevents": "2.3.2"
      }
    },
    "node_modules/playwright-core": {
      "version": "1.47.0",
      "resolved": "https://registry.npmjs.org/playwright-core/-/playwright-core-1.47.0.tgz",
      "integrity": "sha512-1DyHT8OqkcfCkYUD9zzUTfg7EfTd+6a8MkD/NWOvjo0u/SCNd5YmY/lJwFvUZOxJbWNds+ei7ic2+R/cRz/PDg==",
      "bin": {
        "playwright-core": "cli.js"
      },
      "engines": {
        "node": ">=18"
      }
    },
    "node_modules/xlsx": {
      "version": "0.20.3",
      "resolved": "https://cdn.sheetjs.com/xlsx-0.20.3/xlsx-0.20.3.tgz",
      "integrity": "sha512-oLDq3jw7AcLqKWH2AhCpVTZl8mf6X2YReP+Neh0SJUzV/BdZYjth94tG5toiMB1PPrYtxOCfaoUCkvtuH+3AJA==",
      "license": "Apache-2.0",
      "bin": {
        "xlsx": "bin/xlsx.njs"
      },
      "engines": {
        "node": ">=0.8"
      }
    }
  }
}
